// !$*UTF8*$!
{
	archiveVersion = 1;
	classes = {
	};
	objectVersion = 71;
	objects = {

/* Begin PBXBuildFile section */
		A00000000000000000000001 /* WeeklyHealthReportApp.swift in Sources */ = {isa = PBXBuildFile; fileRef = B00000000000000000000001 /* WeeklyHealthReportApp.swift */; };
		A00000000000000000000002 /* ReportPeriod.swift in Sources */ = {isa = PBXBuildFile; fileRef = B00000000000000000000002 /* ReportPeriod.swift */; };
		A00000000000000000000003 /* StepSummary.swift in Sources */ = {isa = PBXBuildFile; fileRef = B00000000000000000000003 /* StepSummary.swift */; };
		A00000000000000000000004 /* HealthDataProviding.swift in Sources */ = {isa = PBXBuildFile; fileRef = B00000000000000000000004 /* HealthDataProviding.swift */; };
		A00000000000000000000005 /* HealthKitClient.swift in Sources */ = {isa = PBXBuildFile; fileRef = B00000000000000000000005 /* HealthKitClient.swift */; };
		A00000000000000000000006 /* WeeklyReportViewModel.swift in Sources */ = {isa = PBXBuildFile; fileRef = B00000000000000000000006 /* WeeklyReportViewModel.swift */; };
		A00000000000000000000007 /* WeeklyReportView.swift in Sources */ = {isa = PBXBuildFile; fileRef = B00000000000000000000007 /* WeeklyReportView.swift */; };
		A00000000000000000000008 /* HealthKit.framework in Frameworks */ = {isa = PBXBuildFile; fileRef = B00000000000000000000008 /* HealthKit.framework */; };
		A00000000000000000000009 /* ReportPeriodTests.swift in Sources */ = {isa = PBXBuildFile; fileRef = B00000000000000000000009 /* ReportPeriodTests.swift */; };
		A0000000000000000000000A /* StepSummaryTests.swift in Sources */ = {isa = PBXBuildFile; fileRef = B0000000000000000000000A /* StepSummaryTests.swift */; };
		A0000000000000000000000B /* WeightMeasurement.swift in Sources */ = {isa = PBXBuildFile; fileRef = B0000000000000000000000E /* WeightMeasurement.swift */; };
		A0000000000000000000000C /* HealthReportFormatter.swift in Sources */ = {isa = PBXBuildFile; fileRef = B0000000000000000000000F /* HealthReportFormatter.swift */; };
		A0000000000000000000000D /* WeightMeasurementTests.swift in Sources */ = {isa = PBXBuildFile; fileRef = B00000000000000000000010 /* WeightMeasurementTests.swift */; };
		A0000000000000000000000E /* BodyCompositionTests.swift in Sources */ = {isa = PBXBuildFile; fileRef = B00000000000000000000011 /* BodyCompositionTests.swift */; };
		A0000000000000000000000F /* BodyComposition.swift in Sources */ = {isa = PBXBuildFile; fileRef = B00000000000000000000012 /* BodyComposition.swift */; };
		A00000000000000000000010 /* HeartMetricSummary.swift in Sources */ = {isa = PBXBuildFile; fileRef = B00000000000000000000013 /* HeartMetricSummary.swift */; };
		A00000000000000000000011 /* ActivitySummary.swift in Sources */ = {isa = PBXBuildFile; fileRef = B00000000000000000000014 /* ActivitySummary.swift */; };
		A00000000000000000000012 /* SleepSummary.swift in Sources */ = {isa = PBXBuildFile; fileRef = B00000000000000000000015 /* SleepSummary.swift */; };
		A00000000000000000000013 /* WeeklyReportSnapshot.swift in Sources */ = {isa = PBXBuildFile; fileRef = B00000000000000000000016 /* WeeklyReportSnapshot.swift */; };
		A00000000000000000000014 /* HeartMetricSummaryTests.swift in Sources */ = {isa = PBXBuildFile; fileRef = B00000000000000000000017 /* HeartMetricSummaryTests.swift */; };
		A00000000000000000000015 /* ActivitySummaryTests.swift in Sources */ = {isa = PBXBuildFile; fileRef = B00000000000000000000018 /* ActivitySummaryTests.swift */; };
		A00000000000000000000016 /* SleepSummaryTests.swift in Sources */ = {isa = PBXBuildFile; fileRef = B00000000000000000000019 /* SleepSummaryTests.swift */; };
		A00000000000000000000017 /* HealthReportFormatterTests.swift in Sources */ = {isa = PBXBuildFile; fileRef = B0000000000000000000001A /* HealthReportFormatterTests.swift */; };
		A00000000000000000000018 /* DeveloperDiagnosticsView.swift in Sources */ = {isa = PBXBuildFile; fileRef = B0000000000000000000001B /* DeveloperDiagnosticsView.swift */; };
		A00000000000000000000019 /* WatchCoverageSummary.swift in Sources */ = {isa = PBXBuildFile; fileRef = B0000000000000000000001C /* WatchCoverageSummary.swift */; };
		A0000000000000000000001A /* WatchCoverageSummaryTests.swift in Sources */ = {isa = PBXBuildFile; fileRef = B0000000000000000000001D /* WatchCoverageSummaryTests.swift */; };
		A0000000000000000000001B /* Assets.xcassets in Resources */ = {isa = PBXBuildFile; fileRef = B0000000000000000000001F /* Assets.xcassets */; };
		A0000000000000000000001C /* WaistMeasurement.swift in Sources */ = {isa = PBXBuildFile; fileRef = B00000000000000000000020 /* WaistMeasurement.swift */; };
		A0000000000000000000001D /* GlucoseSummary.swift in Sources */ = {isa = PBXBuildFile; fileRef = B00000000000000000000021 /* GlucoseSummary.swift */; };
		A0000000000000000000001E /* WaistMeasurementTests.swift in Sources */ = {isa = PBXBuildFile; fileRef = B00000000000000000000022 /* WaistMeasurementTests.swift */; };
		A0000000000000000000001F /* GlucoseSummaryTests.swift in Sources */ = {isa = PBXBuildFile; fileRef = B00000000000000000000023 /* GlucoseSummaryTests.swift */; };
		A00000000000000000000020 /* MedicationSummary.swift in Sources */ = {isa = PBXBuildFile; fileRef = B00000000000000000000024 /* MedicationSummary.swift */; };
		A00000000000000000000021 /* MedicationSummaryTests.swift in Sources */ = {isa = PBXBuildFile; fileRef = B00000000000000000000025 /* MedicationSummaryTests.swift */; };
		A00000000000000000000022 /* HealthKitUI.framework in Frameworks */ = {isa = PBXBuildFile; fileRef = B00000000000000000000026 /* HealthKitUI.framework */; };
		A00000000000000000000023 /* CardiorespiratorySummary.swift in Sources */ = {isa = PBXBuildFile; fileRef = B00000000000000000000027 /* CardiorespiratorySummary.swift */; };
		A00000000000000000000024 /* CardiorespiratorySummaryTests.swift in Sources */ = {isa = PBXBuildFile; fileRef = B00000000000000000000028 /* CardiorespiratorySummaryTests.swift */; };
		A00000000000000000000025 /* BloodPressureSummary.swift in Sources */ = {isa = PBXBuildFile; fileRef = B00000000000000000000029 /* BloodPressureSummary.swift */; };
		A00000000000000000000026 /* BloodPressureSummaryTests.swift in Sources */ = {isa = PBXBuildFile; fileRef = B0000000000000000000002A /* BloodPressureSummaryTests.swift */; };
/* End PBXBuildFile section */

/* Begin PBXContainerItemProxy section */
		C00000000000000000000001 /* PBXContainerItemProxy */ = {
			isa = PBXContainerItemProxy;
			containerPortal = D00000000000000000000001 /* Project object */;
			proxyType = 1;
			remoteGlobalIDString = E00000000000000000000001;
			remoteInfo = WeeklyHealthReport;
		};
/* End PBXContainerItemProxy section */

/* Begin PBXFileReference section */
		B00000000000000000000001 /* WeeklyHealthReportApp.swift */ = {isa = PBXFileReference; lastKnownFileType = sourcecode.swift; path = WeeklyHealthReportApp.swift; sourceTree = "<group>"; };
		B00000000000000000000002 /* ReportPeriod.swift */ = {isa = PBXFileReference; lastKnownFileType = sourcecode.swift; path = ReportPeriod.swift; sourceTree = "<group>"; };
		B00000000000000000000003 /* StepSummary.swift */ = {isa = PBXFileReference; lastKnownFileType = sourcecode.swift; path = StepSummary.swift; sourceTree = "<group>"; };
		B00000000000000000000004 /* HealthDataProviding.swift */ = {isa = PBXFileReference; lastKnownFileType = sourcecode.swift; path = HealthDataProviding.swift; sourceTree = "<group>"; };
		B00000000000000000000005 /* HealthKitClient.swift */ = {isa = PBXFileReference; lastKnownFileType = sourcecode.swift; path = HealthKitClient.swift; sourceTree = "<group>"; };
		B00000000000000000000006 /* WeeklyReportViewModel.swift */ = {isa = PBXFileReference; lastKnownFileType = sourcecode.swift; path = WeeklyReportViewModel.swift; sourceTree = "<group>"; };
		B00000000000000000000007 /* WeeklyReportView.swift */ = {isa = PBXFileReference; lastKnownFileType = sourcecode.swift; path = WeeklyReportView.swift; sourceTree = "<group>"; };
		B00000000000000000000008 /* HealthKit.framework */ = {isa = PBXFileReference; lastKnownFileType = wrapper.framework; name = HealthKit.framework; path = System/Library/Frameworks/HealthKit.framework; sourceTree = SDKROOT; };
		B00000000000000000000009 /* ReportPeriodTests.swift */ = {isa = PBXFileReference; lastKnownFileType = sourcecode.swift; path = ReportPeriodTests.swift; sourceTree = "<group>"; };
		B0000000000000000000000A /* StepSummaryTests.swift */ = {isa = PBXFileReference; lastKnownFileType = sourcecode.swift; path = StepSummaryTests.swift; sourceTree = "<group>"; };
		B0000000000000000000000B /* WeeklyHealthReport.entitlements */ = {isa = PBXFileReference; lastKnownFileType = text.plist.entitlements; path = WeeklyHealthReport.entitlements; sourceTree = "<group>"; };
		B0000000000000000000000C /* WeeklyHealthReport.app */ = {isa = PBXFileReference; explicitFileType = wrapper.application; includeInIndex = 0; path = WeeklyHealthReport.app; sourceTree = BUILT_PRODUCTS_DIR; };
		B0000000000000000000000D /* WeeklyHealthReportTests.xctest */ = {isa = PBXFileReference; explicitFileType = wrapper.cfbundle; includeInIndex = 0; path = WeeklyHealthReportTests.xctest; sourceTree = BUILT_PRODUCTS_DIR; };
		B0000000000000000000000E /* WeightMeasurement.swift */ = {isa = PBXFileReference; lastKnownFileType = sourcecode.swift; path = WeightMeasurement.swift; sourceTree = "<group>"; };
		B0000000000000000000000F /* HealthReportFormatter.swift */ = {isa = PBXFileReference; lastKnownFileType = sourcecode.swift; path = HealthReportFormatter.swift; sourceTree = "<group>"; };
		B00000000000000000000010 /* WeightMeasurementTests.swift */ = {isa = PBXFileReference; lastKnownFileType = sourcecode.swift; path = WeightMeasurementTests.swift; sourceTree = "<group>"; };
		B00000000000000000000011 /* BodyCompositionTests.swift */ = {isa = PBXFileReference; lastKnownFileType = sourcecode.swift; path = BodyCompositionTests.swift; sourceTree = "<group>"; };
		B00000000000000000000012 /* BodyComposition.swift */ = {isa = PBXFileReference; lastKnownFileType = sourcecode.swift; path = BodyComposition.swift; sourceTree = "<group>"; };
		B00000000000000000000013 /* HeartMetricSummary.swift */ = {isa = PBXFileReference; lastKnownFileType = sourcecode.swift; path = HeartMetricSummary.swift; sourceTree = "<group>"; };
		B00000000000000000000014 /* ActivitySummary.swift */ = {isa = PBXFileReference; lastKnownFileType = sourcecode.swift; path = ActivitySummary.swift; sourceTree = "<group>"; };
		B00000000000000000000015 /* SleepSummary.swift */ = {isa = PBXFileReference; lastKnownFileType = sourcecode.swift; path = SleepSummary.swift; sourceTree = "<group>"; };
		B00000000000000000000016 /* WeeklyReportSnapshot.swift */ = {isa = PBXFileReference; lastKnownFileType = sourcecode.swift; path = WeeklyReportSnapshot.swift; sourceTree = "<group>"; };
		B00000000000000000000017 /* HeartMetricSummaryTests.swift */ = {isa = PBXFileReference; lastKnownFileType = sourcecode.swift; path = HeartMetricSummaryTests.swift; sourceTree = "<group>"; };
		B00000000000000000000018 /* ActivitySummaryTests.swift */ = {isa = PBXFileReference; lastKnownFileType = sourcecode.swift; path = ActivitySummaryTests.swift; sourceTree = "<group>"; };
		B00000000000000000000019 /* SleepSummaryTests.swift */ = {isa = PBXFileReference; lastKnownFileType = sourcecode.swift; path = SleepSummaryTests.swift; sourceTree = "<group>"; };
		B0000000000000000000001A /* HealthReportFormatterTests.swift */ = {isa = PBXFileReference; lastKnownFileType = sourcecode.swift; path = HealthReportFormatterTests.swift; sourceTree = "<group>"; };
		B0000000000000000000001B /* DeveloperDiagnosticsView.swift */ = {isa = PBXFileReference; lastKnownFileType = sourcecode.swift; path = DeveloperDiagnosticsView.swift; sourceTree = "<group>"; };
		B0000000000000000000001C /* WatchCoverageSummary.swift */ = {isa = PBXFileReference; lastKnownFileType = sourcecode.swift; path = WatchCoverageSummary.swift; sourceTree = "<group>"; };
		B0000000000000000000001D /* WatchCoverageSummaryTests.swift */ = {isa = PBXFileReference; lastKnownFileType = sourcecode.swift; path = WatchCoverageSummaryTests.swift; sourceTree = "<group>"; };
		B0000000000000000000001E /* Signing.xcconfig */ = {isa = PBXFileReference; lastKnownFileType = text.xcconfig; name = Signing.xcconfig; path = Config/Signing.xcconfig; sourceTree = "<group>"; };
		B0000000000000000000001F /* Assets.xcassets */ = {isa = PBXFileReference; lastKnownFileType = folder.assetcatalog; path = Assets.xcassets; sourceTree = "<group>"; };
		B00000000000000000000020 /* WaistMeasurement.swift */ = {isa = PBXFileReference; lastKnownFileType = sourcecode.swift; path = WaistMeasurement.swift; sourceTree = "<group>"; };
		B00000000000000000000021 /* GlucoseSummary.swift */ = {isa = PBXFileReference; lastKnownFileType = sourcecode.swift; path = GlucoseSummary.swift; sourceTree = "<group>"; };
		B00000000000000000000022 /* WaistMeasurementTests.swift */ = {isa = PBXFileReference; lastKnownFileType = sourcecode.swift; path = WaistMeasurementTests.swift; sourceTree = "<group>"; };
		B00000000000000000000023 /* GlucoseSummaryTests.swift */ = {isa = PBXFileReference; lastKnownFileType = sourcecode.swift; path = GlucoseSummaryTests.swift; sourceTree = "<group>"; };
		B00000000000000000000024 /* MedicationSummary.swift */ = {isa = PBXFileReference; lastKnownFileType = sourcecode.swift; path = MedicationSummary.swift; sourceTree = "<group>"; };
		B00000000000000000000025 /* MedicationSummaryTests.swift */ = {isa = PBXFileReference; lastKnownFileType = sourcecode.swift; path = MedicationSummaryTests.swift; sourceTree = "<group>"; };
		B00000000000000000000026 /* HealthKitUI.framework */ = {isa = PBXFileReference; lastKnownFileType = wrapper.framework; name = HealthKitUI.framework; path = System/Library/Frameworks/HealthKitUI.framework; sourceTree = SDKROOT; };
		B00000000000000000000027 /* CardiorespiratorySummary.swift */ = {isa = PBXFileReference; lastKnownFileType = sourcecode.swift; path = CardiorespiratorySummary.swift; sourceTree = "<group>"; };
		B00000000000000000000028 /* CardiorespiratorySummaryTests.swift */ = {isa = PBXFileReference; lastKnownFileType = sourcecode.swift; path = CardiorespiratorySummaryTests.swift; sourceTree = "<group>"; };
		B00000000000000000000029 /* BloodPressureSummary.swift */ = {isa = PBXFileReference; lastKnownFileType = sourcecode.swift; path = BloodPressureSummary.swift; sourceTree = "<group>"; };
		B0000000000000000000002A /* BloodPressureSummaryTests.swift */ = {isa = PBXFileReference; lastKnownFileType = sourcecode.swift; path = BloodPressureSummaryTests.swift; sourceTree = "<group>"; };
/* End PBXFileReference section */

/* Begin PBXFrameworksBuildPhase section */
		F00000000000000000000001 /* Frameworks */ = {
			isa = PBXFrameworksBuildPhase;
			buildActionMask = 2147483647;
			files = (
				A00000000000000000000008 /* HealthKit.framework in Frameworks */,
				A00000000000000000000022 /* HealthKitUI.framework in Frameworks */,
			);
			runOnlyForDeploymentPostprocessing = 0;
		};
		F00000000000000000000002 /* Frameworks */ = {
			isa = PBXFrameworksBuildPhase;
			buildActionMask = 2147483647;
			files = (
			);
			runOnlyForDeploymentPostprocessing = 0;
		};
/* End PBXFrameworksBuildPhase section */

/* Begin PBXGroup section */
		G00000000000000000000001 = {
			isa = PBXGroup;
			children = (
				G00000000000000000000002 /* WeeklyHealthReport */,
				G00000000000000000000006 /* WeeklyHealthReportTests */,
				B0000000000000000000001E /* Signing.xcconfig */,
				G00000000000000000000007 /* Frameworks */,
				G00000000000000000000008 /* Products */,
			);
			sourceTree = "<group>";
		};
		G00000000000000000000002 /* WeeklyHealthReport */ = {
			isa = PBXGroup;
			children = (
				B00000000000000000000001 /* WeeklyHealthReportApp.swift */,
				B0000000000000000000001F /* Assets.xcassets */,
				G00000000000000000000003 /* Models */,
				G00000000000000000000004 /* HealthKit */,
				G00000000000000000000005 /* Views */,
				G00000000000000000000009 /* Utilities */,
				B0000000000000000000000B /* WeeklyHealthReport.entitlements */,
			);
			path = WeeklyHealthReport;
			sourceTree = "<group>";
		};
		G00000000000000000000003 /* Models */ = {
			isa = PBXGroup;
			children = (
				B00000000000000000000002 /* ReportPeriod.swift */,
				B00000000000000000000003 /* StepSummary.swift */,
				B0000000000000000000000E /* WeightMeasurement.swift */,
				B00000000000000000000012 /* BodyComposition.swift */,
				B00000000000000000000013 /* HeartMetricSummary.swift */,
				B00000000000000000000014 /* ActivitySummary.swift */,
				B00000000000000000000015 /* SleepSummary.swift */,
				B00000000000000000000016 /* WeeklyReportSnapshot.swift */,
				B0000000000000000000001C /* WatchCoverageSummary.swift */,
				B00000000000000000000020 /* WaistMeasurement.swift */,
				B00000000000000000000021 /* GlucoseSummary.swift */,
				B00000000000000000000024 /* MedicationSummary.swift */,
				B00000000000000000000027 /* CardiorespiratorySummary.swift */,
				B00000000000000000000029 /* BloodPressureSummary.swift */,
			);
			path = Models;
			sourceTree = "<group>";
		};
		G00000000000000000000004 /* HealthKit */ = {
			isa = PBXGroup;
			children = (
				B00000000000000000000004 /* HealthDataProviding.swift */,
				B00000000000000000000005 /* HealthKitClient.swift */,
			);
			path = HealthKit;
			sourceTree = "<group>";
		};
		G00000000000000000000005 /* Views */ = {
			isa = PBXGroup;
			children = (
				B00000000000000000000006 /* WeeklyReportViewModel.swift */,
				B00000000000000000000007 /* WeeklyReportView.swift */,
				B0000000000000000000001B /* DeveloperDiagnosticsView.swift */,
			);
			path = Views;
			sourceTree = "<group>";
		};
		G00000000000000000000006 /* WeeklyHealthReportTests */ = {
			isa = PBXGroup;
			children = (
				B00000000000000000000009 /* ReportPeriodTests.swift */,
				B0000000000000000000000A /* StepSummaryTests.swift */,
				B00000000000000000000010 /* WeightMeasurementTests.swift */,
				B00000000000000000000011 /* BodyCompositionTests.swift */,
				B00000000000000000000017 /* HeartMetricSummaryTests.swift */,
				B00000000000000000000018 /* ActivitySummaryTests.swift */,
				B00000000000000000000019 /* SleepSummaryTests.swift */,
				B0000000000000000000001A /* HealthReportFormatterTests.swift */,
				B0000000000000000000001D /* WatchCoverageSummaryTests.swift */,
				B00000000000000000000022 /* WaistMeasurementTests.swift */,
				B00000000000000000000023 /* GlucoseSummaryTests.swift */,
				B00000000000000000000025 /* MedicationSummaryTests.swift */,
				B00000000000000000000028 /* CardiorespiratorySummaryTests.swift */,
				B0000000000000000000002A /* BloodPressureSummaryTests.swift */,
			);
			path = WeeklyHealthReportTests;
			sourceTree = "<group>";
		};
		G00000000000000000000007 /* Frameworks */ = {
			isa = PBXGroup;
			children = (
				B00000000000000000000008 /* HealthKit.framework */,
				B00000000000000000000026 /* HealthKitUI.framework */,
			);
			name = Frameworks;
			sourceTree = "<group>";
		};
		G00000000000000000000008 /* Products */ = {
			isa = PBXGroup;
			children = (
				B0000000000000000000000C /* WeeklyHealthReport.app */,
				B0000000000000000000000D /* WeeklyHealthReportTests.xctest */,
			);
			name = Products;
			sourceTree = "<group>";
		};
		G00000000000000000000009 /* Utilities */ = {
			isa = PBXGroup;
			children = (
				B0000000000000000000000F /* HealthReportFormatter.swift */,
			);
			path = Utilities;
			sourceTree = "<group>";
		};
/* End PBXGroup section */

/* Begin PBXNativeTarget section */
		E00000000000000000000001 /* WeeklyHealthReport */ = {
			isa = PBXNativeTarget;
			buildConfigurationList = H00000000000000000000002 /* Build configuration list for PBXNativeTarget "WeeklyHealthReport" */;
			buildPhases = (
				I00000000000000000000001 /* Sources */,
				F00000000000000000000001 /* Frameworks */,
				J00000000000000000000001 /* Resources */,
			);
			buildRules = (
			);
			dependencies = (
			);
			name = WeeklyHealthReport;
			productName = WeeklyHealthReport;
			productReference = B0000000000000000000000C /* WeeklyHealthReport.app */;
			productType = "com.apple.product-type.application";
		};
		E00000000000000000000002 /* WeeklyHealthReportTests */ = {
			isa = PBXNativeTarget;
			buildConfigurationList = H00000000000000000000003 /* Build configuration list for PBXNativeTarget "WeeklyHealthReportTests" */;
			buildPhases = (
				I00000000000000000000002 /* Sources */,
				F00000000000000000000002 /* Frameworks */,
				J00000000000000000000002 /* Resources */,
			);
			buildRules = (
			);
			dependencies = (
				K00000000000000000000001 /* PBXTargetDependency */,
			);
			name = WeeklyHealthReportTests;
			productName = WeeklyHealthReportTests;
			productReference = B0000000000000000000000D /* WeeklyHealthReportTests.xctest */;
			productType = "com.apple.product-type.bundle.unit-test";
		};
/* End PBXNativeTarget section */

/* Begin PBXProject section */
		D00000000000000000000001 /* Project object */ = {
			isa = PBXProject;
			attributes = {
				BuildIndependentTargetsInParallel = 1;
				LastSwiftUpdateCheck = 2660;
				LastUpgradeCheck = 2660;
				TargetAttributes = {
					E00000000000000000000001 = {
						CreatedOnToolsVersion = 26.6;
					};
					E00000000000000000000002 = {
						CreatedOnToolsVersion = 26.6;
						TestTargetID = E00000000000000000000001;
					};
				};
			};
			buildConfigurationList = H00000000000000000000001 /* Build configuration list for PBXProject "WeeklyHealthReport" */;
			compatibilityVersion = "Xcode 16.0";
			developmentRegion = en;
			hasScannedForEncodings = 0;
			knownRegions = (
				en,
				Base,
			);
			mainGroup = G00000000000000000000001;
			productRefGroup = G00000000000000000000008 /* Products */;
			projectDirPath = "";
			projectRoot = "";
			targets = (
				E00000000000000000000001 /* WeeklyHealthReport */,
				E00000000000000000000002 /* WeeklyHealthReportTests */,
			);
		};
/* End PBXProject section */

/* Begin PBXResourcesBuildPhase section */
		J00000000000000000000001 /* Resources */ = {
			isa = PBXResourcesBuildPhase;
			buildActionMask = 2147483647;
			files = (
				A0000000000000000000001B /* Assets.xcassets in Resources */,
			);
			runOnlyForDeploymentPostprocessing = 0;
		};
		J00000000000000000000002 /* Resources */ = {
			isa = PBXResourcesBuildPhase;
			buildActionMask = 2147483647;
			files = (
			);
			runOnlyForDeploymentPostprocessing = 0;
		};
/* End PBXResourcesBuildPhase section */

/* Begin PBXSourcesBuildPhase section */
		I00000000000000000000001 /* Sources */ = {
			isa = PBXSourcesBuildPhase;
			buildActionMask = 2147483647;
			files = (
				A00000000000000000000001 /* WeeklyHealthReportApp.swift in Sources */,
				A00000000000000000000002 /* ReportPeriod.swift in Sources */,
				A00000000000000000000003 /* StepSummary.swift in Sources */,
				A00000000000000000000004 /* HealthDataProviding.swift in Sources */,
				A00000000000000000000005 /* HealthKitClient.swift in Sources */,
				A00000000000000000000006 /* WeeklyReportViewModel.swift in Sources */,
				A00000000000000000000007 /* WeeklyReportView.swift in Sources */,
				A00000000000000000000018 /* DeveloperDiagnosticsView.swift in Sources */,
				A0000000000000000000000B /* WeightMeasurement.swift in Sources */,
				A0000000000000000000000C /* HealthReportFormatter.swift in Sources */,
				A0000000000000000000000F /* BodyComposition.swift in Sources */,
				A00000000000000000000010 /* HeartMetricSummary.swift in Sources */,
				A00000000000000000000011 /* ActivitySummary.swift in Sources */,
				A00000000000000000000012 /* SleepSummary.swift in Sources */,
				A00000000000000000000013 /* WeeklyReportSnapshot.swift in Sources */,
				A00000000000000000000019 /* WatchCoverageSummary.swift in Sources */,
				A0000000000000000000001C /* WaistMeasurement.swift in Sources */,
				A0000000000000000000001D /* GlucoseSummary.swift in Sources */,
				A00000000000000000000020 /* MedicationSummary.swift in Sources */,
				A00000000000000000000023 /* CardiorespiratorySummary.swift in Sources */,
				A00000000000000000000025 /* BloodPressureSummary.swift in Sources */,
			);
			runOnlyForDeploymentPostprocessing = 0;
		};
		I00000000000000000000002 /* Sources */ = {
			isa = PBXSourcesBuildPhase;
			buildActionMask = 2147483647;
			files = (
				A00000000000000000000009 /* ReportPeriodTests.swift in Sources */,
				A0000000000000000000000A /* StepSummaryTests.swift in Sources */,
				A0000000000000000000000D /* WeightMeasurementTests.swift in Sources */,
				A0000000000000000000000E /* BodyCompositionTests.swift in Sources */,
				A00000000000000000000014 /* HeartMetricSummaryTests.swift in Sources */,
				A00000000000000000000015 /* ActivitySummaryTests.swift in Sources */,
				A00000000000000000000016 /* SleepSummaryTests.swift in Sources */,
				A00000000000000000000017 /* HealthReportFormatterTests.swift in Sources */,
				A0000000000000000000001A /* WatchCoverageSummaryTests.swift in Sources */,
				A0000000000000000000001E /* WaistMeasurementTests.swift in Sources */,
				A0000000000000000000001F /* GlucoseSummaryTests.swift in Sources */,
				A00000000000000000000021 /* MedicationSummaryTests.swift in Sources */,
				A00000000000000000000024 /* CardiorespiratorySummaryTests.swift in Sources */,
				A00000000000000000000026 /* BloodPressureSummaryTests.swift in Sources */,
			);
			runOnlyForDeploymentPostprocessing = 0;
		};
/* End PBXSourcesBuildPhase section */

/* Begin PBXTargetDependency section */
		K00000000000000000000001 /* PBXTargetDependency */ = {
			isa = PBXTargetDependency;
			target = E00000000000000000000001 /* WeeklyHealthReport */;
			targetProxy = C00000000000000000000001 /* PBXContainerItemProxy */;
		};
/* End PBXTargetDependency section */

/* Begin XCBuildConfiguration section */
		L00000000000000000000001 /* Debug */ = {
			isa = XCBuildConfiguration;
			buildSettings = {
				ALWAYS_SEARCH_USER_PATHS = NO;
				CLANG_ENABLE_MODULES = YES;
				CLANG_ENABLE_OBJC_ARC = YES;
				COPY_PHASE_STRIP = NO;
				DEBUG_INFORMATION_FORMAT = dwarf;
				ENABLE_TESTABILITY = YES;
				GCC_C_LANGUAGE_STANDARD = gnu17;
				GCC_OPTIMIZATION_LEVEL = 0;
				ONLY_ACTIVE_ARCH = YES;
				SDKROOT = iphoneos;
				SWIFT_ACTIVE_COMPILATION_CONDITIONS = "DEBUG $(inherited)";
				SWIFT_OPTIMIZATION_LEVEL = "-Onone";
			};
			name = Debug;
		};
		L00000000000000000000002 /* Release */ = {
			isa = XCBuildConfiguration;
			buildSettings = {
				ALWAYS_SEARCH_USER_PATHS = NO;
				CLANG_ENABLE_MODULES = YES;
				CLANG_ENABLE_OBJC_ARC = YES;
				COPY_PHASE_STRIP = NO;
				DEBUG_INFORMATION_FORMAT = "dwarf-with-dsym";
				ENABLE_NS_ASSERTIONS = NO;
				GCC_C_LANGUAGE_STANDARD = gnu17;
				SDKROOT = iphoneos;
				SWIFT_COMPILATION_MODE = wholemodule;
				SWIFT_OPTIMIZATION_LEVEL = "-O";
				VALIDATE_PRODUCT = YES;
			};
			name = Release;
		};
		L00000000000000000000003 /* Debug */ = {
			isa = XCBuildConfiguration;
			baseConfigurationReference = B0000000000000000000001E /* Signing.xcconfig */;
			buildSettings = {
				ASSETCATALOG_COMPILER_APPICON_NAME = AppIcon;
				ASSETCATALOG_COMPILER_GENERATE_SWIFT_ASSET_SYMBOL_EXTENSIONS = YES;
				CODE_SIGN_ENTITLEMENTS = WeeklyHealthReport/WeeklyHealthReport.entitlements;
				CODE_SIGN_STYLE = Automatic;
				CURRENT_PROJECT_VERSION = 1;
				GENERATE_INFOPLIST_FILE = YES;
				INFOPLIST_KEY_NSHealthShareUsageDescription = "Weekly Health Report reads your selected Apple Health data to create an on-device weekly summary.";
				INFOPLIST_KEY_UIApplicationSupportsIndirectInputEvents = YES;
				INFOPLIST_KEY_UILaunchScreen_Generation = YES;
				IPHONEOS_DEPLOYMENT_TARGET = 17.0;
				MARKETING_VERSION = 0.1;
				PRODUCT_BUNDLE_IDENTIFIER = "$(WEEKLY_HEALTH_REPORT_BUNDLE_IDENTIFIER)";
				PRODUCT_NAME = "$(TARGET_NAME)";
				SUPPORTED_PLATFORMS = "iphoneos iphonesimulator";
				SUPPORTS_MACCATALYST = NO;
				SWIFT_EMIT_LOC_STRINGS = YES;
				SWIFT_VERSION = 5.0;
				TARGETED_DEVICE_FAMILY = 1;
			};
			name = Debug;
		};
		L00000000000000000000004 /* Release */ = {
			isa = XCBuildConfiguration;
			baseConfigurationReference = B0000000000000000000001E /* Signing.xcconfig */;
			buildSettings = {
				ASSETCATALOG_COMPILER_APPICON_NAME = AppIcon;
				ASSETCATALOG_COMPILER_GENERATE_SWIFT_ASSET_SYMBOL_EXTENSIONS = YES;
				CODE_SIGN_ENTITLEMENTS = WeeklyHealthReport/WeeklyHealthReport.entitlements;
				CODE_SIGN_STYLE = Automatic;
				CURRENT_PROJECT_VERSION = 1;
				GENERATE_INFOPLIST_FILE = YES;
				INFOPLIST_KEY_NSHealthShareUsageDescription = "Weekly Health Report reads your selected Apple Health data to create an on-device weekly summary.";
				INFOPLIST_KEY_UIApplicationSupportsIndirectInputEvents = YES;
				INFOPLIST_KEY_UILaunchScreen_Generation = YES;
				IPHONEOS_DEPLOYMENT_TARGET = 17.0;
				MARKETING_VERSION = 0.1;
				PRODUCT_BUNDLE_IDENTIFIER = "$(WEEKLY_HEALTH_REPORT_BUNDLE_IDENTIFIER)";
				PRODUCT_NAME = "$(TARGET_NAME)";
				SUPPORTED_PLATFORMS = "iphoneos iphonesimulator";
				SUPPORTS_MACCATALYST = NO;
				SWIFT_EMIT_LOC_STRINGS = YES;
				SWIFT_VERSION = 5.0;
				TARGETED_DEVICE_FAMILY = 1;
			};
			name = Release;
		};
		L00000000000000000000005 /* Debug */ = {
			isa = XCBuildConfiguration;
			baseConfigurationReference = B0000000000000000000001E /* Signing.xcconfig */;
			buildSettings = {
				BUNDLE_LOADER = "$(TEST_HOST)";
				CODE_SIGN_STYLE = Automatic;
				GENERATE_INFOPLIST_FILE = YES;
				IPHONEOS_DEPLOYMENT_TARGET = 17.0;
				PRODUCT_BUNDLE_IDENTIFIER = "$(WEEKLY_HEALTH_REPORT_BUNDLE_IDENTIFIER).Tests";
				PRODUCT_NAME = "$(TARGET_NAME)";
				SUPPORTED_PLATFORMS = "iphoneos iphonesimulator";
				SWIFT_VERSION = 5.0;
				TARGETED_DEVICE_FAMILY = 1;
				TEST_HOST = "$(BUILT_PRODUCTS_DIR)/WeeklyHealthReport.app/$(BUNDLE_EXECUTABLE_FOLDER_PATH)/WeeklyHealthReport";
			};
			name = Debug;
		};
		L00000000000000000000006 /* Release */ = {
			isa = XCBuildConfiguration;
			baseConfigurationReference = B0000000000000000000001E /* Signing.xcconfig */;
			buildSettings = {
				BUNDLE_LOADER = "$(TEST_HOST)";
				CODE_SIGN_STYLE = Automatic;
				GENERATE_INFOPLIST_FILE = YES;
				IPHONEOS_DEPLOYMENT_TARGET = 17.0;
				PRODUCT_BUNDLE_IDENTIFIER = "$(WEEKLY_HEALTH_REPORT_BUNDLE_IDENTIFIER).Tests";
				PRODUCT_NAME = "$(TARGET_NAME)";
				SUPPORTED_PLATFORMS = "iphoneos iphonesimulator";
				SWIFT_VERSION = 5.0;
				TARGETED_DEVICE_FAMILY = 1;
				TEST_HOST = "$(BUILT_PRODUCTS_DIR)/WeeklyHealthReport.app/$(BUNDLE_EXECUTABLE_FOLDER_PATH)/WeeklyHealthReport";
			};
			name = Release;
		};
/* End XCBuildConfiguration section */

/* Begin XCConfigurationList section */
		H00000000000000000000001 /* Build configuration list for PBXProject "WeeklyHealthReport" */ = {
			isa = XCConfigurationList;
			buildConfigurations = (
				L00000000000000000000001 /* Debug */,
				L00000000000000000000002 /* Release */,
			);
			defaultConfigurationIsVisible = 0;
			defaultConfigurationName = Release;
		};
		H00000000000000000000002 /* Build configuration list for PBXNativeTarget "WeeklyHealthReport" */ = {
			isa = XCConfigurationList;
			buildConfigurations = (
				L00000000000000000000003 /* Debug */,
				L00000000000000000000004 /* Release */,
			);
			defaultConfigurationIsVisible = 0;
			defaultConfigurationName = Release;
		};
		H00000000000000000000003 /* Build configuration list for PBXNativeTarget "WeeklyHealthReportTests" */ = {
			isa = XCConfigurationList;
			buildConfigurations = (
				L00000000000000000000005 /* Debug */,
				L00000000000000000000006 /* Release */,
			);
			defaultConfigurationIsVisible = 0;
			defaultConfigurationName = Release;
		};
/* End XCConfigurationList section */
	};
	rootObject = D00000000000000000000001 /* Project object */;
}
